
Microsoft Visual Studio Solution File, Format Version 12.00
# Visual Studio 2012
Project("{FAE04EC0-301F-11D3-BF4B-00C04F79EFBC}") = "PokemonLibrary", "PokemonLibrary\PokemonLibrary.csproj", "{9646385C-5C45-4A21-AA32-466F8186B410}"
EndProject
Project("{FAE04EC0-301F-11D3-BF4B-00C04F79EFBC}") = "PokemonApp", "PokemonApp\PokemonApp.csproj", "{1F09165F-8435-42B2-860A-DE82D98B0D90}"
EndProject
Global
	GlobalSection(SolutionConfigurationPlatforms) = preSolution
		Debug|Any CPU = Debug|Any CPU
		Release|Any CPU = Release|Any CPU
	EndGlobalSection
	GlobalSection(ProjectConfigurationPlatforms) = postSolution
		{9646385C-5C45-4A21-AA32-466F8186B410}.Debug|Any CPU.ActiveCfg = Debug|Any CPU
		{9646385C-5C45-4A21-AA32-466F8186B410}.Debug|Any CPU.Build.0 = Debug|Any CPU
		{9646385C-5C45-4A21-AA32-466F8186B410}.Release|Any CPU.ActiveCfg = Release|Any CPU
		{9646385C-5C45-4A21-AA32-466F8186B410}.Release|Any CPU.Build.0 = Release|Any CPU
		{1F09165F-8435-42B2-860A-DE82D98B0D90}.Debug|Any CPU.ActiveCfg = Debug|Any CPU
		{1F09165F-8435-42B2-860A-DE82D98B0D90}.Debug|Any CPU.Build.0 = Debug|Any CPU
		{1F09165F-8435-42B2-860A-DE82D98B0D90}.Release|Any CPU.ActiveCfg = Release|Any CPU
		{1F09165F-8435-42B2-860A-DE82D98B0D90}.Release|Any CPU.Build.0 = Release|Any CPU
	EndGlobalSection
	GlobalSection(SolutionProperties) = preSolution
		HideSolutionNode = FALSE
	EndGlobalSection
EndGlobal
